
Microsoft Visual Studio Solution File, Format Version 12.00
# Visual Studio 15
VisualStudioVersion = 15.0.28307.705
MinimumVisualStudioVersion = 10.0.40219.1
Project("{FAE04EC0-301F-11D3-BF4B-00C04F79EFBC}") = "Consultora", "Consultora\Consultora.csproj", "{88AC5E5A-B0D8-491F-98AB-9222BFF28ABE}"
EndProject
Project("{FAE04EC0-301F-11D3-BF4B-00C04F79EFBC}") = "XUnitTestConsultora", "XUnitTestConsultora\XUnitTestConsultora.csproj", "{663B9A47-7427-4132-9F89-F993B5A781EA}"
EndProject
Global
	GlobalSection(SolutionConfigurationPlatforms) = preSolution
		Debug|Any CPU = Debug|Any CPU
		Release|Any CPU = Release|Any CPU
	EndGlobalSection
	GlobalSection(ProjectConfigurationPlatforms) = postSolution
		{88AC5E5A-B0D8-491F-98AB-9222BFF28ABE}.Debug|Any CPU.ActiveCfg = Debug|Any CPU
		{88AC5E5A-B0D8-491F-98AB-9222BFF28ABE}.Debug|Any CPU.Build.0 = Debug|Any CPU
		{88AC5E5A-B0D8-491F-98AB-9222BFF28ABE}.Release|Any CPU.ActiveCfg = Release|Any CPU
		{88AC5E5A-B0D8-491F-98AB-9222BFF28ABE}.Release|Any CPU.Build.0 = Release|Any CPU
		{663B9A47-7427-4132-9F89-F993B5A781EA}.Debug|Any CPU.ActiveCfg = Debug|Any CPU
		{663B9A47-7427-4132-9F89-F993B5A781EA}.Debug|Any CPU.Build.0 = Debug|Any CPU
		{663B9A47-7427-4132-9F89-F993B5A781EA}.Release|Any CPU.ActiveCfg = Release|Any CPU
		{663B9A47-7427-4132-9F89-F993B5A781EA}.Release|Any CPU.Build.0 = Release|Any CPU
	EndGlobalSection
	GlobalSection(SolutionProperties) = preSolution
		HideSolutionNode = FALSE
	EndGlobalSection
	GlobalSection(ExtensibilityGlobals) = postSolution
		SolutionGuid = {0BA038BE-193B-48CB-BA9F-704B6FD4FA4E}
	EndGlobalSection
EndGlobal
